
Microsoft Visual Studio Solution File, Format Version 12.00
# Visual Studio Version 16
VisualStudioVersion = 16.0.32002.261
MinimumVisualStudioVersion = 10.0.40219.1
Project("{8BC9CEB8-8B4A-11D0-8D11-00A0C91BC942}") = "Bin_tree", "Bin_tree\Bin_tree.vcxproj", "{5243588E-A24F-414C-9B45-479BE8692730}"
EndProject
Global
	GlobalSection(SolutionConfigurationPlatforms) = preSolution
		Debug|x64 = Debug|x64
		Debug|x86 = Debug|x86
		Release|x64 = Release|x64
		Release|x86 = Release|x86
	EndGlobalSection
	GlobalSection(ProjectConfigurationPlatforms) = postSolution
		{5243588E-A24F-414C-9B45-479BE8692730}.Debug|x64.ActiveCfg = Debug|x64
		{5243588E-A24F-414C-9B45-479BE8692730}.Debug|x64.Build.0 = Debug|x64
		{5243588E-A24F-414C-9B45-479BE8692730}.Debug|x86.ActiveCfg = Debug|Win32
		{5243588E-A24F-414C-9B45-479BE8692730}.Debug|x86.Build.0 = Debug|Win32
		{5243588E-A24F-414C-9B45-479BE8692730}.Release|x64.ActiveCfg = Release|x64
		{5243588E-A24F-414C-9B45-479BE8692730}.Release|x64.Build.0 = Release|x64
		{5243588E-A24F-414C-9B45-479BE8692730}.Release|x86.ActiveCfg = Release|Win32
		{5243588E-A24F-414C-9B45-479BE8692730}.Release|x86.Build.0 = Release|Win32
	EndGlobalSection
	GlobalSection(SolutionProperties) = preSolution
		HideSolutionNode = FALSE
	EndGlobalSection
	GlobalSection(ExtensibilityGlobals) = postSolution
		SolutionGuid = {1C064106-018B-44EF-AB2E-83EFCA93A051}
	EndGlobalSection
EndGlobal
